{
  "name": "adr-0046-edge-kdf-spike",
  "lockfileVersion": 3,
  "requires": true,
  "packages": {
    "": {
      "name": "adr-0046-edge-kdf-spike",
      "dependencies": {
        "@noble/hashes": "2.2.0",
        "@phi-ag/argon2": "0.5.24"
      }
    },
    "node_modules/@noble/hashes": {
      "version": "2.2.0",
      "resolved": "https://registry.npmjs.org/@noble/hashes/-/hashes-2.2.0.tgz",
      "integrity": "sha512-IYqDGiTXab6FniAgnSdZwgWbomxpy9FtYvLKs7wCUs2a8RkITG+DFGO1DM9cr+E3/RgADRpFjrKVaJ1z6sjtEg==",
      "license": "MIT",
      "engines": {
        "node": ">= 20.19.0"
      },
      "funding": {
        "url": "https://paulmillr.com/funding/"
      }
    },
    "node_modules/@phi-ag/argon2": {
      "version": "0.5.24",
      "resolved": "https://registry.npmjs.org/@phi-ag/argon2/-/argon2-0.5.24.tgz",
      "integrity": "sha512-sLJs9AvhFAIGaZ4vN/JuuYP35ubBL7RobYJq3ILqOwjhslo5Boc3JRus71DllZXOTh6BReWrNY5OKNNqT5i5Xw==",
      "license": "MIT"
    }
  }
}
